
Microsoft Visual Studio Solution File, Format Version 12.00
# Visual Studio Version 17
VisualStudioVersion = 17.9.34723.18
MinimumVisualStudioVersion = 10.0.40219.1
Project("{FAE04EC0-301F-11D3-BF4B-00C04F79EFBC}") = "atv15", "atv15\atv15.csproj", "{8014E434-C313-41A4-A4BE-49A44E67FB7E}"
EndProject
Global
	GlobalSection(SolutionConfigurationPlatforms) = preSolution
		Debug|Any CPU = Debug|Any CPU
		Release|Any CPU = Release|Any CPU
	EndGlobalSection
	GlobalSection(ProjectConfigurationPlatforms) = postSolution
		{8014E434-C313-41A4-A4BE-49A44E67FB7E}.Debug|Any CPU.ActiveCfg = Debug|Any CPU
		{8014E434-C313-41A4-A4BE-49A44E67FB7E}.Debug|Any CPU.Build.0 = Debug|Any CPU
		{8014E434-C313-41A4-A4BE-49A44E67FB7E}.Release|Any CPU.ActiveCfg = Release|Any CPU
		{8014E434-C313-41A4-A4BE-49A44E67FB7E}.Release|Any CPU.Build.0 = Release|Any CPU
	EndGlobalSection
	GlobalSection(SolutionProperties) = preSolution
		HideSolutionNode = FALSE
	EndGlobalSection
	GlobalSection(ExtensibilityGlobals) = postSolution
		SolutionGuid = {F132243C-8C99-4CFC-B8D9-1062775E9E2A}
	EndGlobalSection
EndGlobal
