
Microsoft Visual Studio Solution File, Format Version 12.00
# Visual Studio Version 17
VisualStudioVersion = 17.9.34723.18
MinimumVisualStudioVersion = 10.0.40219.1
Project("{FAE04EC0-301F-11D3-BF4B-00C04F79EFBC}") = "atv3", "atv3\atv3.csproj", "{5161D5F7-5702-464F-822C-94B2F1F5E959}"
EndProject
Global
	GlobalSection(SolutionConfigurationPlatforms) = preSolution
		Debug|Any CPU = Debug|Any CPU
		Release|Any CPU = Release|Any CPU
	EndGlobalSection
	GlobalSection(ProjectConfigurationPlatforms) = postSolution
		{5161D5F7-5702-464F-822C-94B2F1F5E959}.Debug|Any CPU.ActiveCfg = Debug|Any CPU
		{5161D5F7-5702-464F-822C-94B2F1F5E959}.Debug|Any CPU.Build.0 = Debug|Any CPU
		{5161D5F7-5702-464F-822C-94B2F1F5E959}.Release|Any CPU.ActiveCfg = Release|Any CPU
		{5161D5F7-5702-464F-822C-94B2F1F5E959}.Release|Any CPU.Build.0 = Release|Any CPU
	EndGlobalSection
	GlobalSection(SolutionProperties) = preSolution
		HideSolutionNode = FALSE
	EndGlobalSection
	GlobalSection(ExtensibilityGlobals) = postSolution
		SolutionGuid = {83EC5FA2-9C0E-488D-B74E-C7B5BCE978B3}
	EndGlobalSection
EndGlobal
