
Microsoft Visual Studio Solution File, Format Version 12.00
# Visual Studio Version 17
VisualStudioVersion = 17.9.34723.18
MinimumVisualStudioVersion = 10.0.40219.1
Project("{FAE04EC0-301F-11D3-BF4B-00C04F79EFBC}") = "atv17", "atv17\atv17.csproj", "{B04E7CD4-BB20-4CA3-850C-0097FAB3C3A9}"
EndProject
Global
	GlobalSection(SolutionConfigurationPlatforms) = preSolution
		Debug|Any CPU = Debug|Any CPU
		Release|Any CPU = Release|Any CPU
	EndGlobalSection
	GlobalSection(ProjectConfigurationPlatforms) = postSolution
		{B04E7CD4-BB20-4CA3-850C-0097FAB3C3A9}.Debug|Any CPU.ActiveCfg = Debug|Any CPU
		{B04E7CD4-BB20-4CA3-850C-0097FAB3C3A9}.Debug|Any CPU.Build.0 = Debug|Any CPU
		{B04E7CD4-BB20-4CA3-850C-0097FAB3C3A9}.Release|Any CPU.ActiveCfg = Release|Any CPU
		{B04E7CD4-BB20-4CA3-850C-0097FAB3C3A9}.Release|Any CPU.Build.0 = Release|Any CPU
	EndGlobalSection
	GlobalSection(SolutionProperties) = preSolution
		HideSolutionNode = FALSE
	EndGlobalSection
	GlobalSection(ExtensibilityGlobals) = postSolution
		SolutionGuid = {2BCEC217-81CA-4789-9C70-16E77AA92633}
	EndGlobalSection
EndGlobal
